// !$*UTF8*$!
{
	archiveVersion = 1;
	classes = {
	};
	objectVersion = 54;
	objects = {

/* Begin PBXBuildFile section */
		00E356F31AD99517003FC87E /* digital_quran_react_nativeTests.m in Sources */ = {isa = PBXBuildFile; fileRef = 00E356F21AD99517003FC87E /* digital_quran_react_nativeTests.m */; };
		13B07FBC1A68108700A75B9A /* AppDelegate.m in Sources */ = {isa = PBXBuildFile; fileRef = 13B07FB01A68108700A75B9A /* AppDelegate.m */; };
		13B07FBF1A68108700A75B9A /* Images.xcassets in Resources */ = {isa = PBXBuildFile; fileRef = 13B07FB51A68108700A75B9A /* Images.xcassets */; };
		13B07FC11A68108700A75B9A /* main.m in Sources */ = {isa = PBXBuildFile; fileRef = 13B07FB71A68108700A75B9A /* main.m */; };
		471F2EB11B741FB90B4F79A4 /* libPods-digital_quran_react_native-digital_quran_react_nativeTests.a in Frameworks */ = {isa = PBXBuildFile; fileRef = 63D104FA027D8761CAB74090 /* libPods-digital_quran_react_native-digital_quran_react_nativeTests.a */; };
		5FE856953D0DB6E316A2AE77 /* ExpoModulesProvider.swift in Sources */ = {isa = PBXBuildFile; fileRef = 1677CD7FD29B41EA0C4B7ECA /* ExpoModulesProvider.swift */; };
		81AB9BB82411601600AC10FF /* LaunchScreen.storyboard in Resources */ = {isa = PBXBuildFile; fileRef = 81AB9BB72411601600AC10FF /* LaunchScreen.storyboard */; };
		9280C4860C18FB68D7AF3DA3 /* ExpoModulesProvider.swift in Sources */ = {isa = PBXBuildFile; fileRef = D1B92119AA803057629FC41A /* ExpoModulesProvider.swift */; };
		96D8B04BA7763DE0B530B93A /* libPods-digital_quran_react_native.a in Frameworks */ = {isa = PBXBuildFile; fileRef = 9C27983E792AA7263AF1E15C /* libPods-digital_quran_react_native.a */; };
		99A44E032865F52600A42833 /* Fontisto.ttf in Resources */ = {isa = PBXBuildFile; fileRef = 99A44DF32865F52600A42833 /* Fontisto.ttf */; };
		99A44E042865F52600A42833 /* Fontisto.ttf in Resources */ = {isa = PBXBuildFile; fileRef = 99A44DF32865F52600A42833 /* Fontisto.ttf */; };
		99A44E052865F52600A42833 /* MaterialIcons.ttf in Resources */ = {isa = PBXBuildFile; fileRef = 99A44DF42865F52600A42833 /* MaterialIcons.ttf */; };
		99A44E062865F52600A42833 /* MaterialIcons.ttf in Resources */ = {isa = PBXBuildFile; fileRef = 99A44DF42865F52600A42833 /* MaterialIcons.ttf */; };
		99A44E072865F52600A42833 /* Entypo.ttf in Resources */ = {isa = PBXBuildFile; fileRef = 99A44DF52865F52600A42833 /* Entypo.ttf */; };
		99A44E082865F52600A42833 /* Entypo.ttf in Resources */ = {isa = PBXBuildFile; fileRef = 99A44DF52865F52600A42833 /* Entypo.ttf */; };
		99A44E092865F52600A42833 /* FontAwesome5_Brands.ttf in Resources */ = {isa = PBXBuildFile; fileRef = 99A44DF62865F52600A42833 /* FontAwesome5_Brands.ttf */; };
		99A44E0A2865F52600A42833 /* FontAwesome5_Brands.ttf in Resources */ = {isa = PBXBuildFile; fileRef = 99A44DF62865F52600A42833 /* FontAwesome5_Brands.ttf */; };
		99A44E0B2865F52600A42833 /* Foundation.ttf in Resources */ = {isa = PBXBuildFile; fileRef = 99A44DF72865F52600A42833 /* Foundation.ttf */; };
		99A44E0C2865F52600A42833 /* Foundation.ttf in Resources */ = {isa = PBXBuildFile; fileRef = 99A44DF72865F52600A42833 /* Foundation.ttf */; };
		99A44E0D2865F52600A42833 /* Octicons.ttf in Resources */ = {isa = PBXBuildFile; fileRef = 99A44DF82865F52600A42833 /* Octicons.ttf */; };
		99A44E0E2865F52600A42833 /* Octicons.ttf in Resources */ = {isa = PBXBuildFile; fileRef = 99A44DF82865F52600A42833 /* Octicons.ttf */; };
		99A44E0F2865F52600A42833 /* SimpleLineIcons.ttf in Resources */ = {isa = PBXBuildFile; fileRef = 99A44DF92865F52600A42833 /* SimpleLineIcons.ttf */; };
		99A44E102865F52600A42833 /* SimpleLineIcons.ttf in Resources */ = {isa = PBXBuildFile; fileRef = 99A44DF92865F52600A42833 /* SimpleLineIcons.ttf */; };
		99A44E112865F52600A42833 /* Zocial.ttf in Resources */ = {isa = PBXBuildFile; fileRef = 99A44DFA2865F52600A42833 /* Zocial.ttf */; };
		99A44E122865F52600A42833 /* Zocial.ttf in Resources */ = {isa = PBXBuildFile; fileRef = 99A44DFA2865F52600A42833 /* Zocial.ttf */; };
		99A44E132865F52600A42833 /* Feather.ttf in Resources */ = {isa = PBXBuildFile; fileRef = 99A44DFB2865F52600A42833 /* Feather.ttf */; };
		99A44E142865F52600A42833 /* Feather.ttf in Resources */ = {isa = PBXBuildFile; fileRef = 99A44DFB2865F52600A42833 /* Feather.ttf */; };
		99A44E152865F52600A42833 /* FontAwesome5_Solid.ttf in Resources */ = {isa = PBXBuildFile; fileRef = 99A44DFC2865F52600A42833 /* FontAwesome5_Solid.ttf */; };
		99A44E162865F52600A42833 /* FontAwesome5_Solid.ttf in Resources */ = {isa = PBXBuildFile; fileRef = 99A44DFC2865F52600A42833 /* FontAwesome5_Solid.ttf */; };
		99A44E172865F52600A42833 /* EvilIcons.ttf in Resources */ = {isa = PBXBuildFile; fileRef = 99A44DFD2865F52600A42833 /* EvilIcons.ttf */; };
		99A44E182865F52600A42833 /* EvilIcons.ttf in Resources */ = {isa = PBXBuildFile; fileRef = 99A44DFD2865F52600A42833 /* EvilIcons.ttf */; };
		99A44E192865F52600A42833 /* MaterialCommunityIcons.ttf in Resources */ = {isa = PBXBuildFile; fileRef = 99A44DFE2865F52600A42833 /* MaterialCommunityIcons.ttf */; };
		99A44E1A2865F52600A42833 /* MaterialCommunityIcons.ttf in Resources */ = {isa = PBXBuildFile; fileRef = 99A44DFE2865F52600A42833 /* MaterialCommunityIcons.ttf */; };
		99A44E1B2865F52600A42833 /* Ionicons.ttf in Resources */ = {isa = PBXBuildFile; fileRef = 99A44DFF2865F52600A42833 /* Ionicons.ttf */; };
		99A44E1C2865F52600A42833 /* Ionicons.ttf in Resources */ = {isa = PBXBuildFile; fileRef = 99A44DFF2865F52600A42833 /* Ionicons.ttf */; };
		99A44E1D2865F52600A42833 /* FontAwesome.ttf in Resources */ = {isa = PBXBuildFile; fileRef = 99A44E002865F52600A42833 /* FontAwesome.ttf */; };
		99A44E1E2865F52600A42833 /* FontAwesome.ttf in Resources */ = {isa = PBXBuildFile; fileRef = 99A44E002865F52600A42833 /* FontAwesome.ttf */; };
		99A44E1F2865F52600A42833 /* AntDesign.ttf in Resources */ = {isa = PBXBuildFile; fileRef = 99A44E012865F52600A42833 /* AntDesign.ttf */; };
		99A44E202865F52600A42833 /* AntDesign.ttf in Resources */ = {isa = PBXBuildFile; fileRef = 99A44E012865F52600A42833 /* AntDesign.ttf */; };
		99A44E212865F52600A42833 /* FontAwesome5_Regular.ttf in Resources */ = {isa = PBXBuildFile; fileRef = 99A44E022865F52600A42833 /* FontAwesome5_Regular.ttf */; };
		99A44E222865F52600A42833 /* FontAwesome5_Regular.ttf in Resources */ = {isa = PBXBuildFile; fileRef = 99A44E022865F52600A42833 /* FontAwesome5_Regular.ttf */; };
		D12240C0F3044A2B8A2CE4E0 /* NotoNaskhArabic-VariableFont_wght.ttf in Resources */ = {isa = PBXBuildFile; fileRef = 01D77CB9148E49F8B33058D4 /* NotoNaskhArabic-VariableFont_wght.ttf */; };
/* End PBXBuildFile section */

/* Begin PBXContainerItemProxy section */
		00E356F41AD99517003FC87E /* PBXContainerItemProxy */ = {
			isa = PBXContainerItemProxy;
			containerPortal = 83CBB9F71A601CBA00E9B192 /* Project object */;
			proxyType = 1;
			remoteGlobalIDString = 13B07F861A680F5B00A75B9A;
			remoteInfo = digital_quran_react_native;
		};
/* End PBXContainerItemProxy section */

/* Begin PBXFileReference section */
		00E356EE1AD99517003FC87E /* digital_quran_react_nativeTests.xctest */ = {isa = PBXFileReference; explicitFileType = wrapper.cfbundle; includeInIndex = 0; path = digital_quran_react_nativeTests.xctest; sourceTree = BUILT_PRODUCTS_DIR; };
		00E356F11AD99517003FC87E /* Info.plist */ = {isa = PBXFileReference; lastKnownFileType = text.plist.xml; path = Info.plist; sourceTree = "<group>"; };
		00E356F21AD99517003FC87E /* digital_quran_react_nativeTests.m */ = {isa = PBXFileReference; lastKnownFileType = sourcecode.c.objc; path = digital_quran_react_nativeTests.m; sourceTree = "<group>"; };
		01D77CB9148E49F8B33058D4 /* NotoNaskhArabic-VariableFont_wght.ttf */ = {isa = PBXFileReference; explicitFileType = undefined; fileEncoding = 9; includeInIndex = 0; lastKnownFileType = unknown; name = "NotoNaskhArabic-VariableFont_wght.ttf"; path = "../src/resources/fonts/NotoNaskhArabic-VariableFont_wght.ttf"; sourceTree = "<group>"; };
		0745C673A4EB49099D27482F /* AntDesign.ttf */ = {isa = PBXFileReference; explicitFileType = undefined; fileEncoding = 9; includeInIndex = 0; lastKnownFileType = unknown; name = AntDesign.ttf; path = "../node_modules/react-native-vector-icons/Fonts/AntDesign.ttf"; sourceTree = "<group>"; };
		11F8E6684893427F9276E686 /* EvilIcons.ttf */ = {isa = PBXFileReference; explicitFileType = undefined; fileEncoding = 9; includeInIndex = 0; lastKnownFileType = unknown; name = EvilIcons.ttf; path = "../node_modules/react-native-vector-icons/Fonts/EvilIcons.ttf"; sourceTree = "<group>"; };
		13B07F961A680F5B00A75B9A /* digital_quran_react_native.app */ = {isa = PBXFileReference; explicitFileType = wrapper.application; includeInIndex = 0; path = digital_quran_react_native.app; sourceTree = BUILT_PRODUCTS_DIR; };
		13B07FAF1A68108700A75B9A /* AppDelegate.h */ = {isa = PBXFileReference; fileEncoding = 4; lastKnownFileType = sourcecode.c.h; name = AppDelegate.h; path = digital_quran_react_native/AppDelegate.h; sourceTree = "<group>"; };
		13B07FB01A68108700A75B9A /* AppDelegate.m */ = {isa = PBXFileReference; fileEncoding = 4; lastKnownFileType = sourcecode.c.objc; name = AppDelegate.m; path = digital_quran_react_native/AppDelegate.m; sourceTree = "<group>"; };
		13B07FB51A68108700A75B9A /* Images.xcassets */ = {isa = PBXFileReference; lastKnownFileType = folder.assetcatalog; name = Images.xcassets; path = digital_quran_react_native/Images.xcassets; sourceTree = "<group>"; };
		13B07FB61A68108700A75B9A /* Info.plist */ = {isa = PBXFileReference; fileEncoding = 4; lastKnownFileType = text.plist.xml; name = Info.plist; path = digital_quran_react_native/Info.plist; sourceTree = "<group>"; };
		13B07FB71A68108700A75B9A /* main.m */ = {isa = PBXFileReference; fileEncoding = 4; lastKnownFileType = sourcecode.c.objc; name = main.m; path = digital_quran_react_native/main.m; sourceTree = "<group>"; };
		1677CD7FD29B41EA0C4B7ECA /* ExpoModulesProvider.swift */ = {isa = PBXFileReference; includeInIndex = 1; lastKnownFileType = sourcecode.swift; name = ExpoModulesProvider.swift; path = "Pods/Target Support Files/Pods-digital_quran_react_native/ExpoModulesProvider.swift"; sourceTree = "<group>"; };
		1D08B65FC62D44E99BE32079 /* SimpleLineIcons.ttf */ = {isa = PBXFileReference; explicitFileType = undefined; fileEncoding = 9; includeInIndex = 0; lastKnownFileType = unknown; name = SimpleLineIcons.ttf; path = "../node_modules/react-native-vector-icons/Fonts/SimpleLineIcons.ttf"; sourceTree = "<group>"; };
		279C690C88D84CF1AF4253A6 /* Octicons.ttf */ = {isa = PBXFileReference; explicitFileType = undefined; fileEncoding = 9; includeInIndex = 0; lastKnownFileType = unknown; name = Octicons.ttf; path = "../node_modules/react-native-vector-icons/Fonts/Octicons.ttf"; sourceTree = "<group>"; };
		2B31635588303E147F727009 /* Pods-digital_quran_react_native.release.xcconfig */ = {isa = PBXFileReference; includeInIndex = 1; lastKnownFileType = text.xcconfig; name = "Pods-digital_quran_react_native.release.xcconfig"; path = "Target Support Files/Pods-digital_quran_react_native/Pods-digital_quran_react_native.release.xcconfig"; sourceTree = "<group>"; };
		2F9B28FC5B0549F9AFC63F7E /* FontAwesome5_Regular.ttf */ = {isa = PBXFileReference; explicitFileType = undefined; fileEncoding = 9; includeInIndex = 0; lastKnownFileType = unknown; name = FontAwesome5_Regular.ttf; path = "../node_modules/react-native-vector-icons/Fonts/FontAwesome5_Regular.ttf"; sourceTree = "<group>"; };
		3056700AB7074A94AB82BD93 /* MaterialIcons.ttf */ = {isa = PBXFileReference; explicitFileType = undefined; fileEncoding = 9; includeInIndex = 0; lastKnownFileType = unknown; name = MaterialIcons.ttf; path = "../node_modules/react-native-vector-icons/Fonts/MaterialIcons.ttf"; sourceTree = "<group>"; };
		36BBCD6FBF4C492F8D19869E /* FontAwesome5_Brands.ttf */ = {isa = PBXFileReference; explicitFileType = undefined; fileEncoding = 9; includeInIndex = 0; lastKnownFileType = unknown; name = FontAwesome5_Brands.ttf; path = "../node_modules/react-native-vector-icons/Fonts/FontAwesome5_Brands.ttf"; sourceTree = "<group>"; };
		3F4DD3D7E6ADC4ED95E91F1F /* Pods-digital_quran_react_native-digital_quran_react_nativeTests.release.xcconfig */ = {isa = PBXFileReference; includeInIndex = 1; lastKnownFileType = text.xcconfig; name = "Pods-digital_quran_react_native-digital_quran_react_nativeTests.release.xcconfig"; path = "Target Support Files/Pods-digital_quran_react_native-digital_quran_react_nativeTests/Pods-digital_quran_react_native-digital_quran_react_nativeTests.release.xcconfig"; sourceTree = "<group>"; };
		549407BEBC9F432191BDF9A6 /* Ionicons.ttf */ = {isa = PBXFileReference; explicitFileType = undefined; fileEncoding = 9; includeInIndex = 0; lastKnownFileType = unknown; name = Ionicons.ttf; path = "../node_modules/react-native-vector-icons/Fonts/Ionicons.ttf"; sourceTree = "<group>"; };
		5FE7DE4E162844EDB085E8FF /* FontAwesome.ttf */ = {isa = PBXFileReference; explicitFileType = undefined; fileEncoding = 9; includeInIndex = 0; lastKnownFileType = unknown; name = FontAwesome.ttf; path = "../node_modules/react-native-vector-icons/Fonts/FontAwesome.ttf"; sourceTree = "<group>"; };
		63D104FA027D8761CAB74090 /* libPods-digital_quran_react_native-digital_quran_react_nativeTests.a */ = {isa = PBXFileReference; explicitFileType = archive.ar; includeInIndex = 0; path = "libPods-digital_quran_react_native-digital_quran_react_nativeTests.a"; sourceTree = BUILT_PRODUCTS_DIR; };
		81982F234CD46E5965F27BFE /* Pods-digital_quran_react_native-digital_quran_react_nativeTests.debug.xcconfig */ = {isa = PBXFileReference; includeInIndex = 1; lastKnownFileType = text.xcconfig; name = "Pods-digital_quran_react_native-digital_quran_react_nativeTests.debug.xcconfig"; path = "Target Support Files/Pods-digital_quran_react_native-digital_quran_react_nativeTests/Pods-digital_quran_react_native-digital_quran_react_nativeTests.debug.xcconfig"; sourceTree = "<group>"; };
		81AB9BB72411601600AC10FF /* LaunchScreen.storyboard */ = {isa = PBXFileReference; fileEncoding = 4; lastKnownFileType = file.storyboard; name = LaunchScreen.storyboard; path = digital_quran_react_native/LaunchScreen.storyboard; sourceTree = "<group>"; };
		867A8B31D61D44828A39D41A /* MaterialCommunityIcons.ttf */ = {isa = PBXFileReference; explicitFileType = undefined; fileEncoding = 9; includeInIndex = 0; lastKnownFileType = unknown; name = MaterialCommunityIcons.ttf; path = "../node_modules/react-native-vector-icons/Fonts/MaterialCommunityIcons.ttf"; sourceTree = "<group>"; };
		873D96EAC6244E89BA099E94 /* FontAwesome5_Solid.ttf */ = {isa = PBXFileReference; explicitFileType = undefined; fileEncoding = 9; includeInIndex = 0; lastKnownFileType = unknown; name = FontAwesome5_Solid.ttf; path = "../node_modules/react-native-vector-icons/Fonts/FontAwesome5_Solid.ttf"; sourceTree = "<group>"; };
		891F095A0721439CB13839D4 /* Feather.ttf */ = {isa = PBXFileReference; explicitFileType = undefined; fileEncoding = 9; includeInIndex = 0; lastKnownFileType = unknown; name = Feather.ttf; path = "../node_modules/react-native-vector-icons/Fonts/Feather.ttf"; sourceTree = "<group>"; };
		9570428127314B8282558820 /* Fontisto.ttf */ = {isa = PBXFileReference; explicitFileType = undefined; fileEncoding = 9; includeInIndex = 0; lastKnownFileType = unknown; name = Fontisto.ttf; path = "../node_modules/react-native-vector-icons/Fonts/Fontisto.ttf"; sourceTree = "<group>"; };
		99A44DF32865F52600A42833 /* Fontisto.ttf */ = {isa = PBXFileReference; lastKnownFileType = file; name = Fontisto.ttf; path = "../../node_modules/react-native-vector-icons/Fonts/Fontisto.ttf"; sourceTree = "<group>"; };
		99A44DF42865F52600A42833 /* MaterialIcons.ttf */ = {isa = PBXFileReference; lastKnownFileType = file; name = MaterialIcons.ttf; path = "../../node_modules/react-native-vector-icons/Fonts/MaterialIcons.ttf"; sourceTree = "<group>"; };
		99A44DF52865F52600A42833 /* Entypo.ttf */ = {isa = PBXFileReference; lastKnownFileType = file; name = Entypo.ttf; path = "../../node_modules/react-native-vector-icons/Fonts/Entypo.ttf"; sourceTree = "<group>"; };
		99A44DF62865F52600A42833 /* FontAwesome5_Brands.ttf */ = {isa = PBXFileReference; lastKnownFileType = file; name = FontAwesome5_Brands.ttf; path = "../../node_modules/react-native-vector-icons/Fonts/FontAwesome5_Brands.ttf"; sourceTree = "<group>"; };
		99A44DF72865F52600A42833 /* Foundation.ttf */ = {isa = PBXFileReference; lastKnownFileType = file; name = Foundation.ttf; path = "../../node_modules/react-native-vector-icons/Fonts/Foundation.ttf"; sourceTree = "<group>"; };
		99A44DF82865F52600A42833 /* Octicons.ttf */ = {isa = PBXFileReference; lastKnownFileType = file; name = Octicons.ttf; path = "../../node_modules/react-native-vector-icons/Fonts/Octicons.ttf"; sourceTree = "<group>"; };
		99A44DF92865F52600A42833 /* SimpleLineIcons.ttf */ = {isa = PBXFileReference; lastKnownFileType = file; name = SimpleLineIcons.ttf; path = "../../node_modules/react-native-vector-icons/Fonts/SimpleLineIcons.ttf"; sourceTree = "<group>"; };
		99A44DFA2865F52600A42833 /* Zocial.ttf */ = {isa = PBXFileReference; lastKnownFileType = file; name = Zocial.ttf; path = "../../node_modules/react-native-vector-icons/Fonts/Zocial.ttf"; sourceTree = "<group>"; };
		99A44DFB2865F52600A42833 /* Feather.ttf */ = {isa = PBXFileReference; lastKnownFileType = file; name = Feather.ttf; path = "../../node_modules/react-native-vector-icons/Fonts/Feather.ttf"; sourceTree = "<group>"; };
		99A44DFC2865F52600A42833 /* FontAwesome5_Solid.ttf */ = {isa = PBXFileReference; lastKnownFileType = file; name = FontAwesome5_Solid.ttf; path = "../../node_modules/react-native-vector-icons/Fonts/FontAwesome5_Solid.ttf"; sourceTree = "<group>"; };
		99A44DFD2865F52600A42833 /* EvilIcons.ttf */ = {isa = PBXFileReference; lastKnownFileType = file; name = EvilIcons.ttf; path = "../../node_modules/react-native-vector-icons/Fonts/EvilIcons.ttf"; sourceTree = "<group>"; };
		99A44DFE2865F52600A42833 /* MaterialCommunityIcons.ttf */ = {isa = PBXFileReference; lastKnownFileType = file; name = MaterialCommunityIcons.ttf; path = "../../node_modules/react-native-vector-icons/Fonts/MaterialCommunityIcons.ttf"; sourceTree = "<group>"; };
		99A44DFF2865F52600A42833 /* Ionicons.ttf */ = {isa = PBXFileReference; lastKnownFileType = file; name = Ionicons.ttf; path = "../../node_modules/react-native-vector-icons/Fonts/Ionicons.ttf"; sourceTree = "<group>"; };
		99A44E002865F52600A42833 /* FontAwesome.ttf */ = {isa = PBXFileReference; lastKnownFileType = file; name = FontAwesome.ttf; path = "../../node_modules/react-native-vector-icons/Fonts/FontAwesome.ttf"; sourceTree = "<group>"; };
		99A44E012865F52600A42833 /* AntDesign.ttf */ = {isa = PBXFileReference; lastKnownFileType = file; name = AntDesign.ttf; path = "../../node_modules/react-native-vector-icons/Fonts/AntDesign.ttf"; sourceTree = "<group>"; };
		99A44E022865F52600A42833 /* FontAwesome5_Regular.ttf */ = {isa = PBXFileReference; lastKnownFileType = file; name = FontAwesome5_Regular.ttf; path = "../../node_modules/react-native-vector-icons/Fonts/FontAwesome5_Regular.ttf"; sourceTree = "<group>"; };
		9A28A7A8C00EB40DB06F5719 /* Pods-digital_quran_react_native.debug.xcconfig */ = {isa = PBXFileReference; includeInIndex = 1; lastKnownFileType = text.xcconfig; name = "Pods-digital_quran_react_native.debug.xcconfig"; path = "Target Support Files/Pods-digital_quran_react_native/Pods-digital_quran_react_native.debug.xcconfig"; sourceTree = "<group>"; };
		9C27983E792AA7263AF1E15C /* libPods-digital_quran_react_native.a */ = {isa = PBXFileReference; explicitFileType = archive.ar; includeInIndex = 0; path = "libPods-digital_quran_react_native.a"; sourceTree = BUILT_PRODUCTS_DIR; };
		CA2F345C5F654417AC114964 /* Zocial.ttf */ = {isa = PBXFileReference; explicitFileType = undefined; fileEncoding = 9; includeInIndex = 0; lastKnownFileType = unknown; name = Zocial.ttf; path = "../node_modules/react-native-vector-icons/Fonts/Zocial.ttf"; sourceTree = "<group>"; };
		D1B92119AA803057629FC41A /* ExpoModulesProvider.swift */ = {isa = PBXFileReference; includeInIndex = 1; lastKnownFileType = sourcecode.swift; name = ExpoModulesProvider.swift; path = "Pods/Target Support Files/Pods-digital_quran_react_native-digital_quran_react_nativeTests/ExpoModulesProvider.swift"; sourceTree = "<group>"; };
		D750402502D348FFB0BE6DF0 /* Foundation.ttf */ = {isa = PBXFileReference; explicitFileType = undefined; fileEncoding = 9; includeInIndex = 0; lastKnownFileType = unknown; name = Foundation.ttf; path = "../node_modules/react-native-vector-icons/Fonts/Foundation.ttf"; sourceTree = "<group>"; };
		EBF08131BC9540B29D7AE6C3 /* Entypo.ttf */ = {isa = PBXFileReference; explicitFileType = undefined; fileEncoding = 9; includeInIndex = 0; lastKnownFileType = unknown; name = Entypo.ttf; path = "../node_modules/react-native-vector-icons/Fonts/Entypo.ttf"; sourceTree = "<group>"; };
		ED297162215061F000B7C4FE /* JavaScriptCore.framework */ = {isa = PBXFileReference; lastKnownFileType = wrapper.framework; name = JavaScriptCore.framework; path = System/Library/Frameworks/JavaScriptCore.framework; sourceTree = SDKROOT; };
/* End PBXFileReference section */

/* Begin PBXFrameworksBuildPhase section */
		00E356EB1AD99517003FC87E /* Frameworks */ = {
			isa = PBXFrameworksBuildPhase;
			buildActionMask = 2147483647;
			files = (
				471F2EB11B741FB90B4F79A4 /* libPods-digital_quran_react_native-digital_quran_react_nativeTests.a in Frameworks */,
			);
			runOnlyForDeploymentPostprocessing = 0;
		};
		13B07F8C1A680F5B00A75B9A /* Frameworks */ = {
			isa = PBXFrameworksBuildPhase;
			buildActionMask = 2147483647;
			files = (
				96D8B04BA7763DE0B530B93A /* libPods-digital_quran_react_native.a in Frameworks */,
			);
			runOnlyForDeploymentPostprocessing = 0;
		};
/* End PBXFrameworksBuildPhase section */

/* Begin PBXGroup section */
		00E356EF1AD99517003FC87E /* digital_quran_react_nativeTests */ = {
			isa = PBXGroup;
			children = (
				00E356F21AD99517003FC87E /* digital_quran_react_nativeTests.m */,
				00E356F01AD99517003FC87E /* Supporting Files */,
			);
			path = digital_quran_react_nativeTests;
			sourceTree = "<group>";
		};
		00E356F01AD99517003FC87E /* Supporting Files */ = {
			isa = PBXGroup;
			children = (
				00E356F11AD99517003FC87E /* Info.plist */,
			);
			name = "Supporting Files";
			sourceTree = "<group>";
		};
		13B07FAE1A68108700A75B9A /* digital_quran_react_native */ = {
			isa = PBXGroup;
			children = (
				99A44DF22865F49900A42833 /* Fonts */,
				13B07FAF1A68108700A75B9A /* AppDelegate.h */,
				13B07FB01A68108700A75B9A /* AppDelegate.m */,
				13B07FB51A68108700A75B9A /* Images.xcassets */,
				13B07FB61A68108700A75B9A /* Info.plist */,
				81AB9BB72411601600AC10FF /* LaunchScreen.storyboard */,
				13B07FB71A68108700A75B9A /* main.m */,
			);
			name = digital_quran_react_native;
			sourceTree = "<group>";
		};
		2D16E6871FA4F8E400B85C8A /* Frameworks */ = {
			isa = PBXGroup;
			children = (
				ED297162215061F000B7C4FE /* JavaScriptCore.framework */,
				9C27983E792AA7263AF1E15C /* libPods-digital_quran_react_native.a */,
				63D104FA027D8761CAB74090 /* libPods-digital_quran_react_native-digital_quran_react_nativeTests.a */,
			);
			name = Frameworks;
			sourceTree = "<group>";
		};
		33625C5102838C57B111B536 /* digital_quran_react_native */ = {
			isa = PBXGroup;
			children = (
				1677CD7FD29B41EA0C4B7ECA /* ExpoModulesProvider.swift */,
			);
			name = digital_quran_react_native;
			sourceTree = "<group>";
		};
		45A41145E06E4CFC85CCF622 /* Resources */ = {
			isa = PBXGroup;
			children = (
				0745C673A4EB49099D27482F /* AntDesign.ttf */,
				EBF08131BC9540B29D7AE6C3 /* Entypo.ttf */,
				11F8E6684893427F9276E686 /* EvilIcons.ttf */,
				891F095A0721439CB13839D4 /* Feather.ttf */,
				5FE7DE4E162844EDB085E8FF /* FontAwesome.ttf */,
				36BBCD6FBF4C492F8D19869E /* FontAwesome5_Brands.ttf */,
				2F9B28FC5B0549F9AFC63F7E /* FontAwesome5_Regular.ttf */,
				873D96EAC6244E89BA099E94 /* FontAwesome5_Solid.ttf */,
				9570428127314B8282558820 /* Fontisto.ttf */,
				D750402502D348FFB0BE6DF0 /* Foundation.ttf */,
				549407BEBC9F432191BDF9A6 /* Ionicons.ttf */,
				867A8B31D61D44828A39D41A /* MaterialCommunityIcons.ttf */,
				3056700AB7074A94AB82BD93 /* MaterialIcons.ttf */,
				279C690C88D84CF1AF4253A6 /* Octicons.ttf */,
				1D08B65FC62D44E99BE32079 /* SimpleLineIcons.ttf */,
				CA2F345C5F654417AC114964 /* Zocial.ttf */,
			);
			name = Resources;
			sourceTree = "<group>";
		};
		832341AE1AAA6A7D00B99B32 /* Libraries */ = {
			isa = PBXGroup;
			children = (
			);
			name = Libraries;
			sourceTree = "<group>";
		};
		83CBB9F61A601CBA00E9B192 = {
			isa = PBXGroup;
			children = (
				13B07FAE1A68108700A75B9A /* digital_quran_react_native */,
				832341AE1AAA6A7D00B99B32 /* Libraries */,
				00E356EF1AD99517003FC87E /* digital_quran_react_nativeTests */,
				83CBBA001A601CBA00E9B192 /* Products */,
				2D16E6871FA4F8E400B85C8A /* Frameworks */,
				B2BC2E4D4C54120A3F49EBC6 /* Pods */,
				45A41145E06E4CFC85CCF622 /* Resources */,
				99BEEB812865F20400EE7FB2 /* Recovered References */,
				C46E13620F9244BB4B77782A /* ExpoModulesProviders */,
			);
			indentWidth = 2;
			sourceTree = "<group>";
			tabWidth = 2;
			usesTabs = 0;
		};
		83CBBA001A601CBA00E9B192 /* Products */ = {
			isa = PBXGroup;
			children = (
				13B07F961A680F5B00A75B9A /* digital_quran_react_native.app */,
				00E356EE1AD99517003FC87E /* digital_quran_react_nativeTests.xctest */,
			);
			name = Products;
			sourceTree = "<group>";
		};
		9965D08FF24DCF85A99BBF84 /* digital_quran_react_nativeTests */ = {
			isa = PBXGroup;
			children = (
				D1B92119AA803057629FC41A /* ExpoModulesProvider.swift */,
			);
			name = digital_quran_react_nativeTests;
			sourceTree = "<group>";
		};
		99A44DF22865F49900A42833 /* Fonts */ = {
			isa = PBXGroup;
			children = (
				99A44E012865F52600A42833 /* AntDesign.ttf */,
				99A44DF52865F52600A42833 /* Entypo.ttf */,
				99A44DFD2865F52600A42833 /* EvilIcons.ttf */,
				99A44DFB2865F52600A42833 /* Feather.ttf */,
				99A44E002865F52600A42833 /* FontAwesome.ttf */,
				99A44DF62865F52600A42833 /* FontAwesome5_Brands.ttf */,
				99A44E022865F52600A42833 /* FontAwesome5_Regular.ttf */,
				99A44DFC2865F52600A42833 /* FontAwesome5_Solid.ttf */,
				99A44DF32865F52600A42833 /* Fontisto.ttf */,
				99A44DF72865F52600A42833 /* Foundation.ttf */,
				99A44DFF2865F52600A42833 /* Ionicons.ttf */,
				99A44DFE2865F52600A42833 /* MaterialCommunityIcons.ttf */,
				99A44DF42865F52600A42833 /* MaterialIcons.ttf */,
				99A44DF82865F52600A42833 /* Octicons.ttf */,
				99A44DF92865F52600A42833 /* SimpleLineIcons.ttf */,
				99A44DFA2865F52600A42833 /* Zocial.ttf */,
			);
			path = Fonts;
			sourceTree = "<group>";
		};
		99BEEB812865F20400EE7FB2 /* Recovered References */ = {
			isa = PBXGroup;
			children = (
				01D77CB9148E49F8B33058D4 /* NotoNaskhArabic-VariableFont_wght.ttf */,
			);
			name = "Recovered References";
			sourceTree = "<group>";
		};
		B2BC2E4D4C54120A3F49EBC6 /* Pods */ = {
			isa = PBXGroup;
			children = (
				9A28A7A8C00EB40DB06F5719 /* Pods-digital_quran_react_native.debug.xcconfig */,
				2B31635588303E147F727009 /* Pods-digital_quran_react_native.release.xcconfig */,
				81982F234CD46E5965F27BFE /* Pods-digital_quran_react_native-digital_quran_react_nativeTests.debug.xcconfig */,
				3F4DD3D7E6ADC4ED95E91F1F /* Pods-digital_quran_react_native-digital_quran_react_nativeTests.release.xcconfig */,
			);
			path = Pods;
			sourceTree = "<group>";
		};
		C46E13620F9244BB4B77782A /* ExpoModulesProviders */ = {
			isa = PBXGroup;
			children = (
				33625C5102838C57B111B536 /* digital_quran_react_native */,
				9965D08FF24DCF85A99BBF84 /* digital_quran_react_nativeTests */,
			);
			name = ExpoModulesProviders;
			sourceTree = "<group>";
		};
/* End PBXGroup section */

/* Begin PBXNativeTarget section */
		00E356ED1AD99517003FC87E /* digital_quran_react_nativeTests */ = {
			isa = PBXNativeTarget;
			buildConfigurationList = 00E357021AD99517003FC87E /* Build configuration list for PBXNativeTarget "digital_quran_react_nativeTests" */;
			buildPhases = (
				9CF0C2F23B09E64FD04BB0B8 /* [CP] Check Pods Manifest.lock */,
				00E356EA1AD99517003FC87E /* Sources */,
				00E356EB1AD99517003FC87E /* Frameworks */,
				00E356EC1AD99517003FC87E /* Resources */,
				520734FC671E96A4A5D03252 /* [CP] Embed Pods Frameworks */,
				39606B2B3CD598D37FB1AA3F /* [CP] Copy Pods Resources */,
			);
			buildRules = (
			);
			dependencies = (
				00E356F51AD99517003FC87E /* PBXTargetDependency */,
			);
			name = digital_quran_react_nativeTests;
			productName = digital_quran_react_nativeTests;
			productReference = 00E356EE1AD99517003FC87E /* digital_quran_react_nativeTests.xctest */;
			productType = "com.apple.product-type.bundle.unit-test";
		};
		13B07F861A680F5B00A75B9A /* digital_quran_react_native */ = {
			isa = PBXNativeTarget;
			buildConfigurationList = 13B07F931A680F5B00A75B9A /* Build configuration list for PBXNativeTarget "digital_quran_react_native" */;
			buildPhases = (
				8981D610194B5EFFE8A5015D /* [CP] Check Pods Manifest.lock */,
				FD10A7F022414F080027D42C /* Start Packager */,
				13B07F871A680F5B00A75B9A /* Sources */,
				13B07F8C1A680F5B00A75B9A /* Frameworks */,
				13B07F8E1A680F5B00A75B9A /* Resources */,
				00DD1BFF1BD5951E006B06BC /* Bundle React Native code and images */,
				9B460E40CCBE5EE23638D4DF /* [CP] Embed Pods Frameworks */,
				BB4C193165377A9BC5414615 /* [CP] Copy Pods Resources */,
			);
			buildRules = (
			);
			dependencies = (
			);
			name = digital_quran_react_native;
			productName = digital_quran_react_native;
			productReference = 13B07F961A680F5B00A75B9A /* digital_quran_react_native.app */;
			productType = "com.apple.product-type.application";
		};
/* End PBXNativeTarget section */

/* Begin PBXProject section */
		83CBB9F71A601CBA00E9B192 /* Project object */ = {
			isa = PBXProject;
			attributes = {
				LastUpgradeCheck = 1210;
				TargetAttributes = {
					00E356ED1AD99517003FC87E = {
						CreatedOnToolsVersion = 6.2;
						TestTargetID = 13B07F861A680F5B00A75B9A;
					};
					13B07F861A680F5B00A75B9A = {
						LastSwiftMigration = 1120;
					};
				};
			};
			buildConfigurationList = 83CBB9FA1A601CBA00E9B192 /* Build configuration list for PBXProject "digital_quran_react_native" */;
			compatibilityVersion = "Xcode 12.0";
			developmentRegion = en;
			hasScannedForEncodings = 0;
			knownRegions = (
				en,
				Base,
			);
			mainGroup = 83CBB9F61A601CBA00E9B192;
			productRefGroup = 83CBBA001A601CBA00E9B192 /* Products */;
			projectDirPath = "";
			projectRoot = "";
			targets = (
				13B07F861A680F5B00A75B9A /* digital_quran_react_native */,
				00E356ED1AD99517003FC87E /* digital_quran_react_nativeTests */,
			);
		};
/* End PBXProject section */

/* Begin PBXResourcesBuildPhase section */
		00E356EC1AD99517003FC87E /* Resources */ = {
			isa = PBXResourcesBuildPhase;
			buildActionMask = 2147483647;
			files = (
				99A44E1C2865F52600A42833 /* Ionicons.ttf in Resources */,
				99A44E1E2865F52600A42833 /* FontAwesome.ttf in Resources */,
				99A44E222865F52600A42833 /* FontAwesome5_Regular.ttf in Resources */,
				99A44E122865F52600A42833 /* Zocial.ttf in Resources */,
				99A44E182865F52600A42833 /* EvilIcons.ttf in Resources */,
				99A44E062865F52600A42833 /* MaterialIcons.ttf in Resources */,
				99A44E0C2865F52600A42833 /* Foundation.ttf in Resources */,
				99A44E0A2865F52600A42833 /* FontAwesome5_Brands.ttf in Resources */,
				99A44E082865F52600A42833 /* Entypo.ttf in Resources */,
				99A44E162865F52600A42833 /* FontAwesome5_Solid.ttf in Resources */,
				99A44E202865F52600A42833 /* AntDesign.ttf in Resources */,
				99A44E0E2865F52600A42833 /* Octicons.ttf in Resources */,
				99A44E102865F52600A42833 /* SimpleLineIcons.ttf in Resources */,
				99A44E042865F52600A42833 /* Fontisto.ttf in Resources */,
				99A44E1A2865F52600A42833 /* MaterialCommunityIcons.ttf in Resources */,
				99A44E142865F52600A42833 /* Feather.ttf in Resources */,
			);
			runOnlyForDeploymentPostprocessing = 0;
		};
		13B07F8E1A680F5B00A75B9A /* Resources */ = {
			isa = PBXResourcesBuildPhase;
			buildActionMask = 2147483647;
			files = (
				81AB9BB82411601600AC10FF /* LaunchScreen.storyboard in Resources */,
				99A44E192865F52600A42833 /* MaterialCommunityIcons.ttf in Resources */,
				99A44E0D2865F52600A42833 /* Octicons.ttf in Resources */,
				99A44E132865F52600A42833 /* Feather.ttf in Resources */,
				99A44E172865F52600A42833 /* EvilIcons.ttf in Resources */,
				99A44E152865F52600A42833 /* FontAwesome5_Solid.ttf in Resources */,
				99A44E1F2865F52600A42833 /* AntDesign.ttf in Resources */,
				99A44E0B2865F52600A42833 /* Foundation.ttf in Resources */,
				99A44E072865F52600A42833 /* Entypo.ttf in Resources */,
				13B07FBF1A68108700A75B9A /* Images.xcassets in Resources */,
				99A44E212865F52600A42833 /* FontAwesome5_Regular.ttf in Resources */,
				99A44E052865F52600A42833 /* MaterialIcons.ttf in Resources */,
				99A44E1B2865F52600A42833 /* Ionicons.ttf in Resources */,
				99A44E112865F52600A42833 /* Zocial.ttf in Resources */,
				99A44E032865F52600A42833 /* Fontisto.ttf in Resources */,
				99A44E0F2865F52600A42833 /* SimpleLineIcons.ttf in Resources */,
				99A44E092865F52600A42833 /* FontAwesome5_Brands.ttf in Resources */,
				D12240C0F3044A2B8A2CE4E0 /* NotoNaskhArabic-VariableFont_wght.ttf in Resources */,
				99A44E1D2865F52600A42833 /* FontAwesome.ttf in Resources */,
			);
			runOnlyForDeploymentPostprocessing = 0;
		};
/* End PBXResourcesBuildPhase section */

/* Begin PBXShellScriptBuildPhase section */
		00DD1BFF1BD5951E006B06BC /* Bundle React Native code and images */ = {
			isa = PBXShellScriptBuildPhase;
			buildActionMask = 2147483647;
			files = (
			);
			inputPaths = (
			);
			name = "Bundle React Native code and images";
			outputPaths = (
			);
			runOnlyForDeploymentPostprocessing = 0;
			shellPath = /bin/sh;
			shellScript = "set -e\n\nexport NODE_BINARY=node\n../node_modules/react-native/scripts/react-native-xcode.sh\n";
		};
		39606B2B3CD598D37FB1AA3F /* [CP] Copy Pods Resources */ = {
			isa = PBXShellScriptBuildPhase;
			buildActionMask = 2147483647;
			files = (
			);
			inputFileListPaths = (
				"${PODS_ROOT}/Target Support Files/Pods-digital_quran_react_native-digital_quran_react_nativeTests/Pods-digital_quran_react_native-digital_quran_react_nativeTests-resources-${CONFIGURATION}-input-files.xcfilelist",
			);
			name = "[CP] Copy Pods Resources";
			outputFileListPaths = (
				"${PODS_ROOT}/Target Support Files/Pods-digital_quran_react_native-digital_quran_react_nativeTests/Pods-digital_quran_react_native-digital_quran_react_nativeTests-resources-${CONFIGURATION}-output-files.xcfilelist",
			);
			runOnlyForDeploymentPostprocessing = 0;
			shellPath = /bin/sh;
			shellScript = "\"${PODS_ROOT}/Target Support Files/Pods-digital_quran_react_native-digital_quran_react_nativeTests/Pods-digital_quran_react_native-digital_quran_react_nativeTests-resources.sh\"\n";
			showEnvVarsInLog = 0;
		};
		520734FC671E96A4A5D03252 /* [CP] Embed Pods Frameworks */ = {
			isa = PBXShellScriptBuildPhase;
			buildActionMask = 2147483647;
			files = (
			);
			inputFileListPaths = (
				"${PODS_ROOT}/Target Support Files/Pods-digital_quran_react_native-digital_quran_react_nativeTests/Pods-digital_quran_react_native-digital_quran_react_nativeTests-frameworks-${CONFIGURATION}-input-files.xcfilelist",
			);
			name = "[CP] Embed Pods Frameworks";
			outputFileListPaths = (
				"${PODS_ROOT}/Target Support Files/Pods-digital_quran_react_native-digital_quran_react_nativeTests/Pods-digital_quran_react_native-digital_quran_react_nativeTests-frameworks-${CONFIGURATION}-output-files.xcfilelist",
			);
			runOnlyForDeploymentPostprocessing = 0;
			shellPath = /bin/sh;
			shellScript = "\"${PODS_ROOT}/Target Support Files/Pods-digital_quran_react_native-digital_quran_react_nativeTests/Pods-digital_quran_react_native-digital_quran_react_nativeTests-frameworks.sh\"\n";
			showEnvVarsInLog = 0;
		};
		8981D610194B5EFFE8A5015D /* [CP] Check Pods Manifest.lock */ = {
			isa = PBXShellScriptBuildPhase;
			buildActionMask = 2147483647;
			files = (
			);
			inputFileListPaths = (
			);
			inputPaths = (
				"${PODS_PODFILE_DIR_PATH}/Podfile.lock",
				"${PODS_ROOT}/Manifest.lock",
			);
			name = "[CP] Check Pods Manifest.lock";
			outputFileListPaths = (
			);
			outputPaths = (
				"$(DERIVED_FILE_DIR)/Pods-digital_quran_react_native-checkManifestLockResult.txt",
			);
			runOnlyForDeploymentPostprocessing = 0;
			shellPath = /bin/sh;
			shellScript = "diff \"${PODS_PODFILE_DIR_PATH}/Podfile.lock\" \"${PODS_ROOT}/Manifest.lock\" > /dev/null\nif [ $? != 0 ] ; then\n    # print error to STDERR\n    echo \"error: The sandbox is not in sync with the Podfile.lock. Run 'pod install' or update your CocoaPods installation.\" >&2\n    exit 1\nfi\n# This output is used by Xcode 'outputs' to avoid re-running this script phase.\necho \"SUCCESS\" > \"${SCRIPT_OUTPUT_FILE_0}\"\n";
			showEnvVarsInLog = 0;
		};
		9B460E40CCBE5EE23638D4DF /* [CP] Embed Pods Frameworks */ = {
			isa = PBXShellScriptBuildPhase;
			buildActionMask = 2147483647;
			files = (
			);
			inputFileListPaths = (
				"${PODS_ROOT}/Target Support Files/Pods-digital_quran_react_native/Pods-digital_quran_react_native-frameworks-${CONFIGURATION}-input-files.xcfilelist",
			);
			name = "[CP] Embed Pods Frameworks";
			outputFileListPaths = (
				"${PODS_ROOT}/Target Support Files/Pods-digital_quran_react_native/Pods-digital_quran_react_native-frameworks-${CONFIGURATION}-output-files.xcfilelist",
			);
			runOnlyForDeploymentPostprocessing = 0;
			shellPath = /bin/sh;
			shellScript = "\"${PODS_ROOT}/Target Support Files/Pods-digital_quran_react_native/Pods-digital_quran_react_native-frameworks.sh\"\n";
			showEnvVarsInLog = 0;
		};
		9CF0C2F23B09E64FD04BB0B8 /* [CP] Check Pods Manifest.lock */ = {
			isa = PBXShellScriptBuildPhase;
			buildActionMask = 2147483647;
			files = (
			);
			inputFileListPaths = (
			);
			inputPaths = (
				"${PODS_PODFILE_DIR_PATH}/Podfile.lock",
				"${PODS_ROOT}/Manifest.lock",
			);
			name = "[CP] Check Pods Manifest.lock";
			outputFileListPaths = (
			);
			outputPaths = (
				"$(DERIVED_FILE_DIR)/Pods-digital_quran_react_native-digital_quran_react_nativeTests-checkManifestLockResult.txt",
			);
			runOnlyForDeploymentPostprocessing = 0;
			shellPath = /bin/sh;
			shellScript = "diff \"${PODS_PODFILE_DIR_PATH}/Podfile.lock\" \"${PODS_ROOT}/Manifest.lock\" > /dev/null\nif [ $? != 0 ] ; then\n    # print error to STDERR\n    echo \"error: The sandbox is not in sync with the Podfile.lock. Run 'pod install' or update your CocoaPods installation.\" >&2\n    exit 1\nfi\n# This output is used by Xcode 'outputs' to avoid re-running this script phase.\necho \"SUCCESS\" > \"${SCRIPT_OUTPUT_FILE_0}\"\n";
			showEnvVarsInLog = 0;
		};
		BB4C193165377A9BC5414615 /* [CP] Copy Pods Resources */ = {
			isa = PBXShellScriptBuildPhase;
			buildActionMask = 2147483647;
			files = (
			);
			inputFileListPaths = (
				"${PODS_ROOT}/Target Support Files/Pods-digital_quran_react_native/Pods-digital_quran_react_native-resources-${CONFIGURATION}-input-files.xcfilelist",
			);
			name = "[CP] Copy Pods Resources";
			outputFileListPaths = (
				"${PODS_ROOT}/Target Support Files/Pods-digital_quran_react_native/Pods-digital_quran_react_native-resources-${CONFIGURATION}-output-files.xcfilelist",
			);
			runOnlyForDeploymentPostprocessing = 0;
			shellPath = /bin/sh;
			shellScript = "\"${PODS_ROOT}/Target Support Files/Pods-digital_quran_react_native/Pods-digital_quran_react_native-resources.sh\"\n";
			showEnvVarsInLog = 0;
		};
		FD10A7F022414F080027D42C /* Start Packager */ = {
			isa = PBXShellScriptBuildPhase;
			buildActionMask = 2147483647;
			files = (
			);
			inputFileListPaths = (
			);
			inputPaths = (
			);
			name = "Start Packager";
			outputFileListPaths = (
			);
			outputPaths = (
			);
			runOnlyForDeploymentPostprocessing = 0;
			shellPath = /bin/sh;
			shellScript = "export RCT_METRO_PORT=\"${RCT_METRO_PORT:=8081}\"\necho \"export RCT_METRO_PORT=${RCT_METRO_PORT}\" > \"${SRCROOT}/../node_modules/react-native/scripts/.packager.env\"\nif [ -z \"${RCT_NO_LAUNCH_PACKAGER+xxx}\" ] ; then\n  if nc -w 5 -z localhost ${RCT_METRO_PORT} ; then\n    if ! curl -s \"http://localhost:${RCT_METRO_PORT}/status\" | grep -q \"packager-status:running\" ; then\n      echo \"Port ${RCT_METRO_PORT} already in use, packager is either not running or not running correctly\"\n      exit 2\n    fi\n  else\n    open \"$SRCROOT/../node_modules/react-native/scripts/launchPackager.command\" || echo \"Can't start packager automatically\"\n  fi\nfi\n";
			showEnvVarsInLog = 0;
		};
/* End PBXShellScriptBuildPhase section */

/* Begin PBXSourcesBuildPhase section */
		00E356EA1AD99517003FC87E /* Sources */ = {
			isa = PBXSourcesBuildPhase;
			buildActionMask = 2147483647;
			files = (
				00E356F31AD99517003FC87E /* digital_quran_react_nativeTests.m in Sources */,
				9280C4860C18FB68D7AF3DA3 /* ExpoModulesProvider.swift in Sources */,
			);
			runOnlyForDeploymentPostprocessing = 0;
		};
		13B07F871A680F5B00A75B9A /* Sources */ = {
			isa = PBXSourcesBuildPhase;
			buildActionMask = 2147483647;
			files = (
				13B07FBC1A68108700A75B9A /* AppDelegate.m in Sources */,
				13B07FC11A68108700A75B9A /* main.m in Sources */,
				5FE856953D0DB6E316A2AE77 /* ExpoModulesProvider.swift in Sources */,
			);
			runOnlyForDeploymentPostprocessing = 0;
		};
/* End PBXSourcesBuildPhase section */

/* Begin PBXTargetDependency section */
		00E356F51AD99517003FC87E /* PBXTargetDependency */ = {
			isa = PBXTargetDependency;
			target = 13B07F861A680F5B00A75B9A /* digital_quran_react_native */;
			targetProxy = 00E356F41AD99517003FC87E /* PBXContainerItemProxy */;
		};
/* End PBXTargetDependency section */

/* Begin XCBuildConfiguration section */
		00E356F61AD99517003FC87E /* Debug */ = {
			isa = XCBuildConfiguration;
			baseConfigurationReference = 81982F234CD46E5965F27BFE /* Pods-digital_quran_react_native-digital_quran_react_nativeTests.debug.xcconfig */;
			buildSettings = {
				BUNDLE_LOADER = "$(TEST_HOST)";
				GCC_PREPROCESSOR_DEFINITIONS = (
					"DEBUG=1",
					"$(inherited)",
				);
				INFOPLIST_FILE = digital_quran_react_nativeTests/Info.plist;
				IPHONEOS_DEPLOYMENT_TARGET = 12.0;
				LD_RUNPATH_SEARCH_PATHS = (
					"$(inherited)",
					"@executable_path/Frameworks",
					"@loader_path/Frameworks",
				);
				OTHER_LDFLAGS = (
					"-ObjC",
					"-lc++",
					"$(inherited)",
				);
				OTHER_SWIFT_FLAGS = "$(inherited) -D EXPO_CONFIGURATION_DEBUG";
				PRODUCT_BUNDLE_IDENTIFIER = "org.reactjs.native.example.$(PRODUCT_NAME:rfc1034identifier)";
				PRODUCT_NAME = "$(TARGET_NAME)";
				TEST_HOST = "$(BUILT_PRODUCTS_DIR)/digital_quran_react_native.app/digital_quran_react_native";
			};
			name = Debug;
		};
		00E356F71AD99517003FC87E /* Release */ = {
			isa = XCBuildConfiguration;
			baseConfigurationReference = 3F4DD3D7E6ADC4ED95E91F1F /* Pods-digital_quran_react_native-digital_quran_react_nativeTests.release.xcconfig */;
			buildSettings = {
				BUNDLE_LOADER = "$(TEST_HOST)";
				COPY_PHASE_STRIP = NO;
				INFOPLIST_FILE = digital_quran_react_nativeTests/Info.plist;
				IPHONEOS_DEPLOYMENT_TARGET = 12.0;
				LD_RUNPATH_SEARCH_PATHS = (
					"$(inherited)",
					"@executable_path/Frameworks",
					"@loader_path/Frameworks",
				);
				OTHER_LDFLAGS = (
					"-ObjC",
					"-lc++",
					"$(inherited)",
				);
				OTHER_SWIFT_FLAGS = "$(inherited) -D EXPO_CONFIGURATION_RELEASE";
				PRODUCT_BUNDLE_IDENTIFIER = "org.reactjs.native.example.$(PRODUCT_NAME:rfc1034identifier)";
				PRODUCT_NAME = "$(TARGET_NAME)";
				TEST_HOST = "$(BUILT_PRODUCTS_DIR)/digital_quran_react_native.app/digital_quran_react_native";
			};
			name = Release;
		};
		13B07F941A680F5B00A75B9A /* Debug */ = {
			isa = XCBuildConfiguration;
			baseConfigurationReference = 9A28A7A8C00EB40DB06F5719 /* Pods-digital_quran_react_native.debug.xcconfig */;
			buildSettings = {
				ASSETCATALOG_COMPILER_APPICON_NAME = AppIcon;
				CLANG_ENABLE_MODULES = YES;
				CURRENT_PROJECT_VERSION = 16;
				DEVELOPMENT_TEAM = B3RMQ8T7GV;
				ENABLE_BITCODE = NO;
				INFOPLIST_FILE = digital_quran_react_native/Info.plist;
				LD_RUNPATH_SEARCH_PATHS = (
					"$(inherited)",
					"@executable_path/Frameworks",
				);
				MARKETING_VERSION = 1.0.2;
				OTHER_LDFLAGS = (
					"$(inherited)",
					"-ObjC",
					"-lc++",
				);
				OTHER_SWIFT_FLAGS = "$(inherited) -D EXPO_CONFIGURATION_DEBUG";
				PRODUCT_BUNDLE_IDENTIFIER = com.smiletech.digitalquran.app;
				PRODUCT_NAME = digital_quran_react_native;
				SWIFT_OPTIMIZATION_LEVEL = "-Onone";
				SWIFT_VERSION = 5.0;
				TARGETED_DEVICE_FAMILY = 1;
				VERSIONING_SYSTEM = "apple-generic";
			};
			name = Debug;
		};
		13B07F951A680F5B00A75B9A /* Release */ = {
			isa = XCBuildConfiguration;
			baseConfigurationReference = 2B31635588303E147F727009 /* Pods-digital_quran_react_native.release.xcconfig */;
			buildSettings = {
				ASSETCATALOG_COMPILER_APPICON_NAME = AppIcon;
				CLANG_ENABLE_MODULES = YES;
				CODE_SIGN_IDENTITY = "Apple Development";
				CODE_SIGN_STYLE = Automatic;
				CURRENT_PROJECT_VERSION = 16;
				DEVELOPMENT_TEAM = B3RMQ8T7GV;
				INFOPLIST_FILE = digital_quran_react_native/Info.plist;
				LD_RUNPATH_SEARCH_PATHS = (
					"$(inherited)",
					"@executable_path/Frameworks",
				);
				MARKETING_VERSION = 1.0.2;
				OTHER_LDFLAGS = (
					"$(inherited)",
					"-ObjC",
					"-lc++",
				);
				OTHER_SWIFT_FLAGS = "$(inherited) -D EXPO_CONFIGURATION_RELEASE";
				PRODUCT_BUNDLE_IDENTIFIER = com.smiletech.digitalquran.app;
				PRODUCT_NAME = digital_quran_react_native;
				PROVISIONING_PROFILE_SPECIFIER = "";
				SWIFT_VERSION = 5.0;
				TARGETED_DEVICE_FAMILY = 1;
				VERSIONING_SYSTEM = "apple-generic";
			};
			name = Release;
		};
		83CBBA201A601CBA00E9B192 /* Debug */ = {
			isa = XCBuildConfiguration;
			buildSettings = {
				ALWAYS_SEARCH_USER_PATHS = NO;
				CLANG_ANALYZER_LOCALIZABILITY_NONLOCALIZED = YES;
				CLANG_CXX_LANGUAGE_STANDARD = "gnu++0x";
				CLANG_CXX_LIBRARY = "libc++";
				CLANG_ENABLE_MODULES = YES;
				CLANG_ENABLE_OBJC_ARC = YES;
				CLANG_WARN_BLOCK_CAPTURE_AUTORELEASING = YES;
				CLANG_WARN_BOOL_CONVERSION = YES;
				CLANG_WARN_COMMA = YES;
				CLANG_WARN_CONSTANT_CONVERSION = YES;
				CLANG_WARN_DEPRECATED_OBJC_IMPLEMENTATIONS = YES;
				CLANG_WARN_DIRECT_OBJC_ISA_USAGE = YES_ERROR;
				CLANG_WARN_EMPTY_BODY = YES;
				CLANG_WARN_ENUM_CONVERSION = YES;
				CLANG_WARN_INFINITE_RECURSION = YES;
				CLANG_WARN_INT_CONVERSION = YES;
				CLANG_WARN_NON_LITERAL_NULL_CONVERSION = YES;
				CLANG_WARN_OBJC_IMPLICIT_RETAIN_SELF = YES;
				CLANG_WARN_OBJC_LITERAL_CONVERSION = YES;
				CLANG_WARN_OBJC_ROOT_CLASS = YES_ERROR;
				CLANG_WARN_QUOTED_INCLUDE_IN_FRAMEWORK_HEADER = YES;
				CLANG_WARN_RANGE_LOOP_ANALYSIS = YES;
				CLANG_WARN_STRICT_PROTOTYPES = YES;
				CLANG_WARN_SUSPICIOUS_MOVE = YES;
				CLANG_WARN_UNREACHABLE_CODE = YES;
				CLANG_WARN__DUPLICATE_METHOD_MATCH = YES;
				"CODE_SIGN_IDENTITY[sdk=iphoneos*]" = "iPhone Developer";
				COPY_PHASE_STRIP = NO;
				ENABLE_STRICT_OBJC_MSGSEND = YES;
				ENABLE_TESTABILITY = YES;
				"EXCLUDED_ARCHS[sdk=iphonesimulator*]" = "";
				GCC_C_LANGUAGE_STANDARD = gnu99;
				GCC_DYNAMIC_NO_PIC = NO;
				GCC_NO_COMMON_BLOCKS = YES;
				GCC_OPTIMIZATION_LEVEL = 0;
				GCC_PREPROCESSOR_DEFINITIONS = (
					"DEBUG=1",
					"$(inherited)",
				);
				GCC_SYMBOLS_PRIVATE_EXTERN = NO;
				GCC_WARN_64_TO_32_BIT_CONVERSION = YES;
				GCC_WARN_ABOUT_RETURN_TYPE = YES_ERROR;
				GCC_WARN_UNDECLARED_SELECTOR = YES;
				GCC_WARN_UNINITIALIZED_AUTOS = YES_AGGRESSIVE;
				GCC_WARN_UNUSED_FUNCTION = YES;
				GCC_WARN_UNUSED_VARIABLE = YES;
				IPHONEOS_DEPLOYMENT_TARGET = 12.0;
				LD_RUNPATH_SEARCH_PATHS = (
					/usr/lib/swift,
					"$(inherited)",
				);
				LIBRARY_SEARCH_PATHS = (
					"\"$(SDKROOT)/usr/lib/swift\"",
					"\"$(TOOLCHAIN_DIR)/usr/lib/swift/$(PLATFORM_NAME)\"",
					"\"$(inherited)\"",
				);
				MTL_ENABLE_DEBUG_INFO = YES;
				ONLY_ACTIVE_ARCH = YES;
				SDKROOT = iphoneos;
			};
			name = Debug;
		};
		83CBBA211A601CBA00E9B192 /* Release */ = {
			isa = XCBuildConfiguration;
			buildSettings = {
				ALWAYS_SEARCH_USER_PATHS = NO;
				CLANG_ANALYZER_LOCALIZABILITY_NONLOCALIZED = YES;
				CLANG_CXX_LANGUAGE_STANDARD = "gnu++0x";
				CLANG_CXX_LIBRARY = "libc++";
				CLANG_ENABLE_MODULES = YES;
				CLANG_ENABLE_OBJC_ARC = YES;
				CLANG_WARN_BLOCK_CAPTURE_AUTORELEASING = YES;
				CLANG_WARN_BOOL_CONVERSION = YES;
				CLANG_WARN_COMMA = YES;
				CLANG_WARN_CONSTANT_CONVERSION = YES;
				CLANG_WARN_DEPRECATED_OBJC_IMPLEMENTATIONS = YES;
				CLANG_WARN_DIRECT_OBJC_ISA_USAGE = YES_ERROR;
				CLANG_WARN_EMPTY_BODY = YES;
				CLANG_WARN_ENUM_CONVERSION = YES;
				CLANG_WARN_INFINITE_RECURSION = YES;
				CLANG_WARN_INT_CONVERSION = YES;
				CLANG_WARN_NON_LITERAL_NULL_CONVERSION = YES;
				CLANG_WARN_OBJC_IMPLICIT_RETAIN_SELF = YES;
				CLANG_WARN_OBJC_LITERAL_CONVERSION = YES;
				CLANG_WARN_OBJC_ROOT_CLASS = YES_ERROR;
				CLANG_WARN_QUOTED_INCLUDE_IN_FRAMEWORK_HEADER = YES;
				CLANG_WARN_RANGE_LOOP_ANALYSIS = YES;
				CLANG_WARN_STRICT_PROTOTYPES = YES;
				CLANG_WARN_SUSPICIOUS_MOVE = YES;
				CLANG_WARN_UNREACHABLE_CODE = YES;
				CLANG_WARN__DUPLICATE_METHOD_MATCH = YES;
				"CODE_SIGN_IDENTITY[sdk=iphoneos*]" = "iPhone Developer";
				COPY_PHASE_STRIP = YES;
				ENABLE_NS_ASSERTIONS = NO;
				ENABLE_STRICT_OBJC_MSGSEND = YES;
				"EXCLUDED_ARCHS[sdk=iphonesimulator*]" = "";
				GCC_C_LANGUAGE_STANDARD = gnu99;
				GCC_NO_COMMON_BLOCKS = YES;
				GCC_WARN_64_TO_32_BIT_CONVERSION = YES;
				GCC_WARN_ABOUT_RETURN_TYPE = YES_ERROR;
				GCC_WARN_UNDECLARED_SELECTOR = YES;
				GCC_WARN_UNINITIALIZED_AUTOS = YES_AGGRESSIVE;
				GCC_WARN_UNUSED_FUNCTION = YES;
				GCC_WARN_UNUSED_VARIABLE = YES;
				IPHONEOS_DEPLOYMENT_TARGET = 12.0;
				LD_RUNPATH_SEARCH_PATHS = (
					/usr/lib/swift,
					"$(inherited)",
				);
				LIBRARY_SEARCH_PATHS = (
					"\"$(SDKROOT)/usr/lib/swift\"",
					"\"$(TOOLCHAIN_DIR)/usr/lib/swift/$(PLATFORM_NAME)\"",
					"\"$(inherited)\"",
				);
				MTL_ENABLE_DEBUG_INFO = NO;
				SDKROOT = iphoneos;
				VALIDATE_PRODUCT = YES;
			};
			name = Release;
		};
/* End XCBuildConfiguration section */

/* Begin XCConfigurationList section */
		00E357021AD99517003FC87E /* Build configuration list for PBXNativeTarget "digital_quran_react_nativeTests" */ = {
			isa = XCConfigurationList;
			buildConfigurations = (
				00E356F61AD99517003FC87E /* Debug */,
				00E356F71AD99517003FC87E /* Release */,
			);
			defaultConfigurationIsVisible = 0;
			defaultConfigurationName = Release;
		};
		13B07F931A680F5B00A75B9A /* Build configuration list for PBXNativeTarget "digital_quran_react_native" */ = {
			isa = XCConfigurationList;
			buildConfigurations = (
				13B07F941A680F5B00A75B9A /* Debug */,
				13B07F951A680F5B00A75B9A /* Release */,
			);
			defaultConfigurationIsVisible = 0;
			defaultConfigurationName = Release;
		};
		83CBB9FA1A601CBA00E9B192 /* Build configuration list for PBXProject "digital_quran_react_native" */ = {
			isa = XCConfigurationList;
			buildConfigurations = (
				83CBBA201A601CBA00E9B192 /* Debug */,
				83CBBA211A601CBA00E9B192 /* Release */,
			);
			defaultConfigurationIsVisible = 0;
			defaultConfigurationName = Release;
		};
/* End XCConfigurationList section */
	};
	rootObject = 83CBB9F71A601CBA00E9B192 /* Project object */;
}
